{
  "lockfileVersion": 1,
  "configVersion": 0,
  "workspaces": {
    "": {
      "name": "twitchListenerCore",
      "dependencies": {
        "@twurple/api": "^7.4.0",
        "@twurple/auth": "^7.4.0",
        "@twurple/chat": "^7.4.0",
        "@twurple/eventsub-ws": "7.4.0",
        "kindle-twitch-oauth": "^1.2.0",
        "otp": "^1.1.2",
        "systemd-notify": "^1.0.0",
        "ws": "^8.18.3",
      },
    },
  },
  "packages": {
    "@d-fischer/cache-decorators": ["@d-fischer/cache-decorators@4.0.1", "", { "dependencies": { "@d-fischer/shared-utils": "^3.6.3", "tslib": "^2.6.2" } }, "sha512-HNYLBLWs/t28GFZZeqdIBqq8f37mqDIFO6xNPof94VjpKvuP6ROqCZGafx88dk5zZUlBfViV9jD8iNNlXfc4CA=="],

    "@d-fischer/connection": ["@d-fischer/connection@9.0.0", "", { "dependencies": { "@d-fischer/isomorphic-ws": "^7.0.0", "@d-fischer/logger": "^4.2.1", "@d-fischer/shared-utils": "^3.5.0", "@d-fischer/typed-event-emitter": "^3.3.0", "@types/ws": "^8.5.4", "tslib": "^2.4.1", "ws": "^8.11.0" } }, "sha512-Mljp/EbaE+eYWfsFXUOk+RfpbHgrWGL/60JkAvjYixw6KREfi5r17XdUiXe54ByAQox6jwgdN2vebdmW1BT+nQ=="],

    "@d-fischer/cross-fetch": ["@d-fischer/cross-fetch@5.0.2", "", { "dependencies": { "node-fetch": "^2.6.11" } }, "sha512-Y+Q2mKaVvZ0ouWnaSwhiLZAOEeh1r7rivNMSzD6TBXi2D8VNwSBu6j4TDnX4oHca6jjm9h8e2Ic9Heguz40f6Q=="],

    "@d-fischer/deprecate": ["@d-fischer/deprecate@2.0.2", "", {}, "sha512-wlw3HwEanJFJKctwLzhfOM6LKwR70FPfGZGoKOhWBKyOPXk+3a9Cc6S9zhm6tka7xKtpmfxVIReGUwPnMbIaZg=="],

    "@d-fischer/detect-node": ["@d-fischer/detect-node@3.0.1", "", {}, "sha512-0Rf3XwTzuTh8+oPZW9SfxTIiL+26RRJ0BRPwj5oVjZFyFKmsj9RGfN2zuTRjOuA3FCK/jYm06HOhwNK+8Pfv8w=="],

    "@d-fischer/escape-string-regexp": ["@d-fischer/escape-string-regexp@5.0.0", "", {}, "sha512-7eoxnxcto5eVPW5h1T+ePnVFukmI9f/ZR9nlBLh1t3kyzJDUNor2C+YW9H/Terw3YnbZSDgDYrpCJCHtOtAQHw=="],

    "@d-fischer/isomorphic-ws": ["@d-fischer/isomorphic-ws@7.0.0", "", { "peerDependencies": { "ws": "^8.2.0" } }, "sha512-bydCy1tKvPKvyF0KeDvN1aiAZA4CzQVa2gHifNQczW9Czl89vZ4QHnJMjUcTboWKecbnz5mGiM9PjKA1Xx2Dyg=="],

    "@d-fischer/logger": ["@d-fischer/logger@4.2.3", "", { "dependencies": { "@d-fischer/detect-node": "^3.0.1", "@d-fischer/shared-utils": "^3.2.0", "tslib": "^2.0.3" } }, "sha512-mJUx9OgjrNVLQa4od/+bqnmD164VTCKnK5B4WOW8TX5y/3w2i58p+PMRE45gUuFjk2BVtOZUg55JQM3d619fdw=="],

    "@d-fischer/qs": ["@d-fischer/qs@7.0.2", "", {}, "sha512-yAu3xDooiL+ef84Jo8nLjDjWBRk7RXk163Y6aTvRB7FauYd3spQD/dWvgT7R4CrN54Juhrrc3dMY7mc+jZGurQ=="],

    "@d-fischer/rate-limiter": ["@d-fischer/rate-limiter@1.1.0", "", { "dependencies": { "@d-fischer/logger": "^4.2.3", "@d-fischer/shared-utils": "^3.6.3", "tslib": "^2.6.2" } }, "sha512-O5HgACwApyCZhp4JTEBEtbv/W3eAwEkrARFvgWnEsDmXgCMWjIHwohWoHre5BW6IYXFSHBGsuZB/EvNL3942kQ=="],

    "@d-fischer/shared-utils": ["@d-fischer/shared-utils@3.6.3", "", { "dependencies": { "tslib": "^2.4.1" } }, "sha512-Lz+Qk1WJLVoeREOHPZcIDTHOoxecxMSG2sq+x1xWYCH1exqiMKMMx06pXdy15UzHG7ohvQRNXk2oHqZ9EOl9jQ=="],

    "@d-fischer/typed-event-emitter": ["@d-fischer/typed-event-emitter@3.3.2", "", { "dependencies": { "tslib": "^2.4.0" } }, "sha512-M+fZQxiAA6UTwaTNeDhNoQcQG+eg9B85cNTw4FwwmN0ZEi6IfvXS0cnLFW1Ec86TdnFkoQ1VHxGx4pTtKPVe1Q=="],

    "@twurple/api": ["@twurple/api@7.4.0", "", { "dependencies": { "@d-fischer/cache-decorators": "^4.0.0", "@d-fischer/cross-fetch": "^5.0.1", "@d-fischer/detect-node": "^3.0.1", "@d-fischer/logger": "^4.2.1", "@d-fischer/rate-limiter": "^1.1.0", "@d-fischer/shared-utils": "^3.6.1", "@d-fischer/typed-event-emitter": "^3.3.1", "@twurple/api-call": "7.4.0", "@twurple/common": "7.4.0", "retry": "^0.13.1", "tslib": "^2.0.3" }, "peerDependencies": { "@twurple/auth": "7.4.0" } }, "sha512-RlXLs4ZvS8n0+iIk7YyVDwrjhlwpn+N+h7fX5Q61HoxlmzoCShmnnFo03abYw9i8Cc3deGpbQATOSVmigXM4qg=="],

    "@twurple/api-call": ["@twurple/api-call@7.4.0", "", { "dependencies": { "@d-fischer/cross-fetch": "^5.0.1", "@d-fischer/qs": "^7.0.2", "@d-fischer/shared-utils": "^3.6.1", "@twurple/common": "7.4.0", "tslib": "^2.0.3" } }, "sha512-WNxvjp/hMqZREElbvE4rHMyUIrHdGY5cbG8xbqgSM9CESFvJ1wm5BubhyANOyKd1TxABacLddbfbO//Fz9YHgA=="],

    "@twurple/auth": ["@twurple/auth@7.4.0", "", { "dependencies": { "@d-fischer/logger": "^4.2.1", "@d-fischer/shared-utils": "^3.6.1", "@d-fischer/typed-event-emitter": "^3.3.1", "@twurple/api-call": "7.4.0", "@twurple/common": "7.4.0", "tslib": "^2.0.3" } }, "sha512-WAQV6nJGkfY7r2BkRYhnzUpdfozLvjNsCxkyNVprl4dCWdJzccnTvqkKTdDRJc5ZJxDVaB9Drzwx9/fCp/gRDA=="],

    "@twurple/chat": ["@twurple/chat@7.4.0", "", { "dependencies": { "@d-fischer/cache-decorators": "^4.0.0", "@d-fischer/deprecate": "^2.0.2", "@d-fischer/logger": "^4.2.1", "@d-fischer/rate-limiter": "^1.1.0", "@d-fischer/shared-utils": "^3.6.1", "@d-fischer/typed-event-emitter": "^3.3.0", "@twurple/common": "7.4.0", "ircv3": "^0.33.0", "tslib": "^2.0.3" }, "peerDependencies": { "@twurple/auth": "7.4.0" } }, "sha512-SYppFwnWt7I8mH/I7fF/ZPO61aBzOz7BOOHQhVWzuQ/7qgPfZnmPJmUwfMnsMmKJ95TfsScZnAWxhdwNdRe3wg=="],

    "@twurple/common": ["@twurple/common@7.4.0", "", { "dependencies": { "@d-fischer/shared-utils": "^3.6.1", "klona": "^2.0.4", "tslib": "^2.0.3" } }, "sha512-lX5cVkYar6jGvni6iLmMYjhxH1oPSl2v7XVeZ4C7U1GbLz/Jwk0L0uldQNGUIf9gpRHPY+TXRlk0UIpz2yo8DA=="],

    "@twurple/eventsub-base": ["@twurple/eventsub-base@7.4.0", "", { "dependencies": { "@d-fischer/logger": "^4.2.1", "@d-fischer/shared-utils": "^3.6.1", "@d-fischer/typed-event-emitter": "^3.3.0", "@twurple/api": "7.4.0", "@twurple/auth": "7.4.0", "@twurple/common": "7.4.0", "tslib": "^2.0.3" } }, "sha512-Umx0kNZKxBUTF2/MHAlnnCuNPs8Tl1Aw8EzDJI2AW10tOiWvgeCR889fKCFBPlHXvcMYSEvsItkX+pXeZ8GkeQ=="],

    "@twurple/eventsub-ws": ["@twurple/eventsub-ws@7.4.0", "", { "dependencies": { "@d-fischer/connection": "^9.0.0", "@d-fischer/logger": "^4.2.1", "@d-fischer/shared-utils": "^3.6.1", "@d-fischer/typed-event-emitter": "^3.3.0", "@twurple/auth": "7.4.0", "@twurple/common": "7.4.0", "@twurple/eventsub-base": "7.4.0", "tslib": "^2.0.3" }, "peerDependencies": { "@twurple/api": "7.4.0" } }, "sha512-tA5zGmb2kK4w//V0mK5P9WXl+KwNjkXXRTv3YO8AK9sCObFag9rsqJdrBNNyx6G58NJvQzQIDtHI1U2M9q1h5w=="],

    "@types/node": ["@types/node@20.19.41", "", { "dependencies": { "undici-types": "~6.21.0" } }, "sha512-ECymXOukMnOoVkC2bb1Vc/w/836DXncOg5m8Xj1RH7xSHZJWNYY6Zh7EH477vcnD5egKNNfy2RpNOmuChhFPgQ=="],

    "@types/ws": ["@types/ws@8.5.5", "", { "dependencies": { "@types/node": "*" } }, "sha512-lwhs8hktwxSjf9UaZ9tG5M03PGogvFaH8gUgLNbN9HKIg0dvv6q+gkSuJ8HN4/VbyxkuLzCjlN7GquQ0gUJfIg=="],

    "big-integer": ["big-integer@1.6.51", "", {}, "sha512-GPEid2Y9QU1Exl1rpO9B2IPJGHPSupF5GnVIP0blYvNOMer2bTvSWs1jGOUg04hTmu67nmLsQ9TBo1puaotBHg=="],

    "bplist-parser": ["bplist-parser@0.2.0", "", { "dependencies": { "big-integer": "^1.6.44" } }, "sha512-z0M+byMThzQmD9NILRniCUXYsYpjwnlO8N5uCFaCqIOpqRsJCrQL9NK3JsD67CN5a08nF5oIL2bD6loTdHOuKw=="],

    "bundle-name": ["bundle-name@3.0.0", "", { "dependencies": { "run-applescript": "^5.0.0" } }, "sha512-PKA4BeSvBpQKQ8iPOGCSiell+N8P+Tf1DlwqmYhpe2gAhKPHn8EYOxVT+ShuGmhg8lN8XiSlS80yiExKXrURlw=="],

    "charenc": ["charenc@0.0.2", "", {}, "sha512-yrLQ/yVUFXkzg7EDQsPieE/53+0RlaWTs+wBrvW36cyilJ2SaDWfl4Yj7MtLTXleV9uEKefbAGUPv2/iWSooRA=="],

    "cross-spawn": ["cross-spawn@7.0.6", "", { "dependencies": { "path-key": "^3.1.0", "shebang-command": "^2.0.0", "which": "^2.0.1" } }, "sha512-uV2QOWP2nWzsy2aMp8aRibhi9dlzF5Hgh5SHaB9OiTGEyDTiJJyx0uy51QXdyWbtAHNua4XJzUKca3OzKUd3vA=="],

    "crypt": ["crypt@0.0.2", "", {}, "sha512-mCxBlsHFYh9C+HVpiEacem8FEBnMXgU9gy4zmNC+SXAZNB/1idgp/aulFJ4FgCi7GPEVbfyng092GqL2k2rmow=="],

    "default-browser": ["default-browser@4.0.0", "", { "dependencies": { "bundle-name": "^3.0.0", "default-browser-id": "^3.0.0", "execa": "^7.1.1", "titleize": "^3.0.0" } }, "sha512-wX5pXO1+BrhMkSbROFsyxUm0i/cJEScyNhA4PPxc41ICuv05ZZB/MX28s8aZx6xjmatvebIapF6hLEKEcpneUA=="],

    "default-browser-id": ["default-browser-id@3.0.0", "", { "dependencies": { "bplist-parser": "^0.2.0", "untildify": "^4.0.0" } }, "sha512-OZ1y3y0SqSICtE8DE4S8YOE9UZOJ8wO16fKWVP5J1Qz42kV9jcnMVFrEE/noXb/ss3Q4pZIH79kxofzyNNtUNA=="],

    "define-lazy-prop": ["define-lazy-prop@3.0.0", "", {}, "sha512-N+MeXYoqr3pOgn8xfyRPREN7gHakLYjhsHhWGT3fWAiL4IkAt0iDw14QiiEm2bE30c5XX5q0FtAA3CK5f9/BUg=="],

    "execa": ["execa@7.2.0", "", { "dependencies": { "cross-spawn": "^7.0.3", "get-stream": "^6.0.1", "human-signals": "^4.3.0", "is-stream": "^3.0.0", "merge-stream": "^2.0.0", "npm-run-path": "^5.1.0", "onetime": "^6.0.0", "signal-exit": "^3.0.7", "strip-final-newline": "^3.0.0" } }, "sha512-UduyVP7TLB5IcAQl+OzLyLcS/l32W/GLg+AhHJ+ow40FOk2U3SAllPwR44v4vmdFwIWqpdwxxpQbF1n5ta9seA=="],

    "get-stream": ["get-stream@6.0.1", "", {}, "sha512-ts6Wi+2j3jQjqi70w5AlN8DFnkSwC+MqmxEzdEALB2qXZYV3X/b1CTfgPLGJNMeAWxdPfU8FO1ms3NUfaHCPYg=="],

    "human-signals": ["human-signals@4.3.1", "", {}, "sha512-nZXjEF2nbo7lIw3mgYjItAfgQXog3OjJogSbKa2CQIIvSGWcKgeJnQlNXip6NglNzYH45nSRiEVimMvYL8DDqQ=="],

    "ircv3": ["ircv3@0.33.1", "", { "dependencies": { "@d-fischer/connection": "^10.0.1", "@d-fischer/escape-string-regexp": "^5.0.0", "@d-fischer/logger": "^4.2.1", "@d-fischer/shared-utils": "^3.5.0", "@d-fischer/typed-event-emitter": "^3.3.0", "klona": "^2.0.5", "tslib": "^2.4.1" } }, "sha512-FPUj/q6zsLgIX6QDdLMjPRBObw0xK+k6eiI62dcTRwdl5aezYV0nuMhpmafyHOD6ZDqfw8DW4ayrvDfmYO65JQ=="],

    "is-docker": ["is-docker@3.0.0", "", { "bin": "cli.js" }, "sha512-eljcgEDlEns/7AXFosB5K/2nCM4P7FQPkGc/DWLy5rmFEWvZayGrik1d9/QIY5nJ4f9YsVvBkA6kJpHn9rISdQ=="],

    "is-inside-container": ["is-inside-container@1.0.0", "", { "dependencies": { "is-docker": "^3.0.0" }, "bin": "cli.js" }, "sha512-KIYLCCJghfHZxqjYBE7rEy0OBuTd5xCHS7tHVgvCLkx7StIoaxwNW3hCALgEUjFfeRk+MG/Qxmp/vtETEF3tRA=="],

    "is-stream": ["is-stream@3.0.0", "", {}, "sha512-LnQR4bZ9IADDRSkvpqMGvt/tEJWclzklNgSw48V5EAaAeDd6qGvN8ei6k5p0tvxSR171VmGyHuTiAOfxAbr8kA=="],

    "is-wsl": ["is-wsl@2.2.0", "", { "dependencies": { "is-docker": "^2.0.0" } }, "sha512-fKzAra0rGJUUBwGBgNkHZuToZcn+TtXHpeCgmkMJMMYx1sQDYaCSyjJBSCa2nH1DGm7s3n1oBnohoVTBaN7Lww=="],

    "isexe": ["isexe@2.0.0", "", {}, "sha512-RHxMLp9lnKHGHRng9QFhRCMbYAcVpn69smSGcq3f36xjgVVWThj4qqLbTLlq7Ssj8B+fIQ1EuCEGI2lKsyQeIw=="],

    "kindle-twitch-oauth": ["kindle-twitch-oauth@1.2.0", "", { "dependencies": { "open": "^9.1.0" } }, "sha512-A+2qQgeGOcIspDb/iISj/ORXPAj3671HrwkvVRMHsJfiz04ga4+aAvYkItw7XQVpspnqlM6E2ruCJjiXIpNX4Q=="],

    "klona": ["klona@2.0.6", "", {}, "sha512-dhG34DXATL5hSxJbIexCft8FChFXtmskoZYnoPWjXQuebWYCNkVeV3KkGegCK9CP1oswI/vQibS2GY7Em/sJJA=="],

    "merge-stream": ["merge-stream@2.0.0", "", {}, "sha512-abv/qOcuPfk3URPfDzmZU1LKmuw8kT+0nIHvKrKgFrwifol/doWcdA4ZqsWQ8ENrFKkd67Mfpo/LovbIUsbt3w=="],

    "mimic-fn": ["mimic-fn@4.0.0", "", {}, "sha512-vqiC06CuhBTUdZH+RYl8sFrL096vA45Ok5ISO6sE/Mr1jRbGH4Csnhi8f3wKVl7x8mO4Au7Ir9D3Oyv1VYMFJw=="],

    "node-fetch": ["node-fetch@2.7.0", "", { "dependencies": { "whatwg-url": "^5.0.0" }, "peerDependencies": { "encoding": "^0.1.0" }, "optionalPeers": ["encoding"] }, "sha512-c4FRfUm/dbcWZ7U+1Wq0AwCyFL+3nt2bEw05wfxSz+DWpWsitgmSgYmy2dQdWyKC1694ELPqMs/YzUSNozLt8A=="],

    "npm-run-path": ["npm-run-path@5.1.0", "", { "dependencies": { "path-key": "^4.0.0" } }, "sha512-sJOdmRGrY2sjNTRMbSvluQqg+8X7ZK61yvzBEIDhz4f8z1TZFYABsqjjCBd/0PUNE9M6QDgHJXQkGUEm7Q+l9Q=="],

    "onetime": ["onetime@6.0.0", "", { "dependencies": { "mimic-fn": "^4.0.0" } }, "sha512-1FlR+gjXK7X+AsAHso35MnyN5KqGwJRi/31ft6x0M194ht7S+rWAvd7PHss9xSKMzE0asv1pyIHaJYq+BbacAQ=="],

    "open": ["open@9.1.0", "", { "dependencies": { "default-browser": "^4.0.0", "define-lazy-prop": "^3.0.0", "is-inside-container": "^1.0.0", "is-wsl": "^2.2.0" } }, "sha512-OS+QTnw1/4vrf+9hh1jc1jnYjzSG4ttTBB8UxOwAnInG3Uo4ssetzC1ihqaIHjLJnA5GGlRl6QlZXOTQhRBUvg=="],

    "otp": ["otp@1.1.2", "", { "dependencies": { "sha1": "^1.1.1" } }, "sha512-VoueTSCMNTCYyHMGkNfndkFSXNv+iyEJ8D1/zD5G0Rd/QUHWozySmezRWKdVAhxcvmL3e5qwhEJBH/JF9MyE+g=="],

    "path-key": ["path-key@3.1.1", "", {}, "sha512-ojmeN0qd+y0jszEtoY48r0Peq5dwMEkIlCOu6Q5f41lfkswXuKtYrhgoTpLnyIcHm24Uhqx+5Tqm2InSwLhE6Q=="],

    "retry": ["retry@0.13.1", "", {}, "sha512-XQBQ3I8W1Cge0Seh+6gjj03LbmRFWuoszgK9ooCpwYIrhhoO80pfq4cUkU5DkknwfOfFteRwlZ56PYOGYyFWdg=="],

    "run-applescript": ["run-applescript@5.0.0", "", { "dependencies": { "execa": "^5.0.0" } }, "sha512-XcT5rBksx1QdIhlFOCtgZkB99ZEouFZ1E2Kc2LHqNW13U3/74YGdkQRmThTwxy4QIyookibDKYZOPqX//6BlAg=="],

    "sha1": ["sha1@1.1.1", "", { "dependencies": { "charenc": ">= 0.0.1", "crypt": ">= 0.0.1" } }, "sha512-dZBS6OrMjtgVkopB1Gmo4RQCDKiZsqcpAQpkV/aaj+FCrCg8r4I4qMkDPQjBgLIxlmu9k4nUbWq6ohXahOneYA=="],

    "shebang-command": ["shebang-command@2.0.0", "", { "dependencies": { "shebang-regex": "^3.0.0" } }, "sha512-kHxr2zZpYtdmrN1qDjrrX/Z1rR1kG8Dx+gkpK1G4eXmvXswmcE1hTWBWYUzlraYw1/yZp6YuDY77YtvbN0dmDA=="],

    "shebang-regex": ["shebang-regex@3.0.0", "", {}, "sha512-7++dFhtcx3353uBaq8DDR4NuxBetBzC7ZQOhmTQInHEd6bSrXdiEyzCvG07Z44UYdLShWUyXt5M/yhz8ekcb1A=="],

    "signal-exit": ["signal-exit@3.0.7", "", {}, "sha512-wnD2ZE+l+SPC/uoS0vXeE9L1+0wuaMqKlfz9AMUo38JsyLSBWSFcHR1Rri62LZc12vLr1gb3jl7iwQhgwpAbGQ=="],

    "strip-final-newline": ["strip-final-newline@3.0.0", "", {}, "sha512-dOESqjYr96iWYylGObzd39EuNTa5VJxyvVAEm5Jnh7KGo75V43Hk1odPQkNDyXNmUR6k+gEiDVXnjB8HJ3crXw=="],

    "systemd-notify": ["systemd-notify@1.0.0", "", {}, "sha512-KP/Qn747dzdOgc7BEk3qd3EZWauwJ+aupqo3Upz134r4WZQJhU+qyJFnGMsMzj/NQf7XfPFq/LQogpqZuZmNXA=="],

    "titleize": ["titleize@3.0.0", "", {}, "sha512-KxVu8EYHDPBdUYdKZdKtU2aj2XfEx9AfjXxE/Aj0vT06w2icA09Vus1rh6eSu1y01akYg6BjIK/hxyLJINoMLQ=="],

    "tr46": ["tr46@0.0.3", "", {}, "sha512-N3WMsuqV66lT30CrXNbEjx4GEwlow3v6rr4mCcv6prnfwhS01rkgyFdjPNBYd9br7LpXV1+Emh01fHnq2Gdgrw=="],

    "tslib": ["tslib@2.6.2", "", {}, "sha512-AEYxH93jGFPn/a2iVAwW87VuUIkR1FVUKB77NwMF7nBTDkDrrT/Hpt/IrCJ0QXhW27jTBDcf5ZY7w6RiqTMw2Q=="],

    "undici-types": ["undici-types@6.21.0", "", {}, "sha512-iwDZqg0QAGrg9Rav5H4n0M64c3mkR59cJ6wQp+7C4nI0gsmExaedaYLNO44eT4AtBBwjbTiGPMlt2Md0T9H9JQ=="],

    "untildify": ["untildify@4.0.0", "", {}, "sha512-KK8xQ1mkzZeg9inewmFVDNkg3l5LUhoq9kN6iWYB/CC9YMG8HA+c1Q8HwDe6dEX7kErrEVNVBO3fWsVq5iDgtw=="],

    "webidl-conversions": ["webidl-conversions@3.0.1", "", {}, "sha512-2JAn3z8AR6rjK8Sm8orRC0h/bcl/DqL7tRPdGZ4I1CjdF+EaMLmYxBHyXuKL849eucPFhvBoxMsflfOb8kxaeQ=="],

    "whatwg-url": ["whatwg-url@5.0.0", "", { "dependencies": { "tr46": "~0.0.3", "webidl-conversions": "^3.0.0" } }, "sha512-saE57nupxk6v3HY35+jzBwYa0rKSy0XR8JSxZPwgLr7ys0IBzhGviA1/TUGJLmSVqs8pb9AnvICXEuOHLprYTw=="],

    "which": ["which@2.0.2", "", { "dependencies": { "isexe": "^2.0.0" }, "bin": { "node-which": "bin/node-which" } }, "sha512-BLI3Tl1TW3Pvl70l3yq3Y64i+awpwXqsGBYWkkqMtnbXgrMD+yj7rhW0kuEDxzJaYXGjEW5ogapKNMEKNMjibA=="],

    "ws": ["ws@8.20.1", "", { "peerDependencies": { "bufferutil": "^4.0.1", "utf-8-validate": ">=5.0.2" }, "optionalPeers": ["bufferutil", "utf-8-validate"] }, "sha512-It4dO0K5v//JtTXuPkfEOaI3uUN87iYPnqo/ZzqCoG3g8uhA66QUMs/SrM0YK7/NAu+r4LMh/9dq2A7k+rHs+w=="],

    "@types/ws/@types/node": ["@types/node@20.5.9", "", {}, "sha512-PcGNd//40kHAS3sTlzKB9C9XL4K0sTup8nbG5lC14kzEteTNuAFh9u5nA0o5TWnSG2r/JNPRXFVcHJIIeRlmqQ=="],

    "ircv3/@d-fischer/connection": ["@d-fischer/connection@10.0.1", "", { "dependencies": { "@d-fischer/isomorphic-ws": "^7.0.0", "@d-fischer/logger": "^4.2.1", "@d-fischer/shared-utils": "^3.5.0", "@d-fischer/typed-event-emitter": "^3.3.0", "@types/node": "^20.19.37", "@types/ws": "^8.5.4", "tslib": "^2.4.1", "ws": "^8.11.0" } }, "sha512-CRP/azUPxwWpR4yT8wOQoM9XFliTVWVAJ8h1SlFnVRAgMlPNyg88/vbDEqZ+udtSB5m8uS10XafZxMUcegMBlQ=="],

    "is-wsl/is-docker": ["is-docker@2.2.1", "", { "bin": "cli.js" }, "sha512-F+i2BKsFrH66iaUFc0woD8sLy8getkwTwtOBjvs56Cx4CgJDeKQeqfz8wAYiSb8JOprWhHH5p77PbmYCvvUuXQ=="],

    "npm-run-path/path-key": ["path-key@4.0.0", "", {}, "sha512-haREypq7xkM7ErfgIyA0z+Bj4AGKlMSdlQE2jvJo6huWD1EdkKYV+G/T4nq0YEF2vgTT8kqMFKo1uHn950r4SQ=="],

    "run-applescript/execa": ["execa@5.1.1", "", { "dependencies": { "cross-spawn": "^7.0.3", "get-stream": "^6.0.0", "human-signals": "^2.1.0", "is-stream": "^2.0.0", "merge-stream": "^2.0.0", "npm-run-path": "^4.0.1", "onetime": "^5.1.2", "signal-exit": "^3.0.3", "strip-final-newline": "^2.0.0" } }, "sha512-8uSpZZocAZRBAPIEINJj3Lo9HyGitllczc27Eh5YYojjMFMn8yHMDMaUHE2Jqfq05D/wucwI4JGURyXt1vchyg=="],

    "run-applescript/execa/human-signals": ["human-signals@2.1.0", "", {}, "sha512-B4FFZ6q/T2jhhksgkbEW3HBvWIfDW85snkQgawt07S7J5QXTk6BkNV+0yAeZrM5QpMAdYlocGoljn0sJ/WQkFw=="],

    "run-applescript/execa/is-stream": ["is-stream@2.0.1", "", {}, "sha512-hFoiJiTl63nn+kstHGBtewWSKnQLpyb155KHheA1l39uvtO9nWIop1p3udqPcUd/xbF1VLMO4n7OI6p7RbngDg=="],

    "run-applescript/execa/npm-run-path": ["npm-run-path@4.0.1", "", { "dependencies": { "path-key": "^3.0.0" } }, "sha512-S48WzZW777zhNIrn7gxOlISNAqi9ZC/uQFnRdbeIHhZhCA6UqpkOT8T1G7BvfdgP4Er8gF4sUbaS0i7QvIfCWw=="],

    "run-applescript/execa/onetime": ["onetime@5.1.2", "", { "dependencies": { "mimic-fn": "^2.1.0" } }, "sha512-kbpaSSGJTWdAY5KPVeMOKXSrPtr8C8C7wodJbcsd51jRnmD+GZu8Y0VoU6Dm5Z4vWr0Ig/1NKuWRKf7j5aaYSg=="],

    "run-applescript/execa/strip-final-newline": ["strip-final-newline@2.0.0", "", {}, "sha512-BrpvfNAE3dcvq7ll3xVumzjKjZQ5tI1sEUIKr3Uoks0XUl45St3FlatVqef9prk4jRDzhW6WZg+3bk93y6pLjA=="],

    "run-applescript/execa/onetime/mimic-fn": ["mimic-fn@2.1.0", "", {}, "sha512-OqbOk5oEQeAZ8WXWydlu9HJjz9WVdEIvamMCcXmuqUYjTknH/sqsWvhQ3vgwKFRR1HpjvNBKQ37nbJgYzGqGcg=="],
  }
}
